{
  "name": "TypeScript_demo_jspang",
  "version": "1.0.0",
  "lockfileVersion": 1,
  "requires": true,
  "dependencies": {
    "@types/node": {
      "version": "16.9.6",
      "resolved": "https://registry.nlark.com/@types/node/download/@types/node-16.9.6.tgz",
      "integrity": "sha1-BApk1/r55dnpQDVxJfCWMBLmbwQ="
    }
  }
}
